
Microsoft Visual Studio Solution File, Format Version 11.00
# Visual Studio 2010
Project("{F2A71F9B-5D33-465A-A702-920D77279786}") = "TVTestChannelEditor", "TVTestChannelEditor\TVTestChannelEditor.fsproj", "{425690B3-13D6-4136-826F-E98F907CCA9C}"
EndProject
Project("{FAE04EC0-301F-11D3-BF4B-00C04F79EFBC}") = "TVTestChannelEditorGUI", "TVTestChannelEditorGUI\TVTestChannelEditorGUI.csproj", "{3F28A361-1460-465E-B2EE-992CF4FAB0DA}"
EndProject
Global
	GlobalSection(SolutionConfigurationPlatforms) = preSolution
		Debug|Any CPU = Debug|Any CPU
		Debug|Mixed Platforms = Debug|Mixed Platforms
		Debug|x86 = Debug|x86
		Release|Any CPU = Release|Any CPU
		Release|Mixed Platforms = Release|Mixed Platforms
		Release|x86 = Release|x86
	EndGlobalSection
	GlobalSection(ProjectConfigurationPlatforms) = postSolution
		{425690B3-13D6-4136-826F-E98F907CCA9C}.Debug|Any CPU.ActiveCfg = Debug|Any CPU
		{425690B3-13D6-4136-826F-E98F907CCA9C}.Debug|Any CPU.Build.0 = Debug|Any CPU
		{425690B3-13D6-4136-826F-E98F907CCA9C}.Debug|Mixed Platforms.ActiveCfg = Debug|Any CPU
		{425690B3-13D6-4136-826F-E98F907CCA9C}.Debug|Mixed Platforms.Build.0 = Debug|Any CPU
		{425690B3-13D6-4136-826F-E98F907CCA9C}.Debug|x86.ActiveCfg = Debug|Any CPU
		{425690B3-13D6-4136-826F-E98F907CCA9C}.Release|Any CPU.ActiveCfg = Release|Any CPU
		{425690B3-13D6-4136-826F-E98F907CCA9C}.Release|Any CPU.Build.0 = Release|Any CPU
		{425690B3-13D6-4136-826F-E98F907CCA9C}.Release|Mixed Platforms.ActiveCfg = Release|Any CPU
		{425690B3-13D6-4136-826F-E98F907CCA9C}.Release|Mixed Platforms.Build.0 = Release|Any CPU
		{425690B3-13D6-4136-826F-E98F907CCA9C}.Release|x86.ActiveCfg = Release|Any CPU
		{3F28A361-1460-465E-B2EE-992CF4FAB0DA}.Debug|Any CPU.ActiveCfg = Debug|x86
		{3F28A361-1460-465E-B2EE-992CF4FAB0DA}.Debug|Mixed Platforms.ActiveCfg = Debug|x86
		{3F28A361-1460-465E-B2EE-992CF4FAB0DA}.Debug|Mixed Platforms.Build.0 = Debug|x86
		{3F28A361-1460-465E-B2EE-992CF4FAB0DA}.Debug|x86.ActiveCfg = Debug|x86
		{3F28A361-1460-465E-B2EE-992CF4FAB0DA}.Debug|x86.Build.0 = Debug|x86
		{3F28A361-1460-465E-B2EE-992CF4FAB0DA}.Release|Any CPU.ActiveCfg = Release|x86
		{3F28A361-1460-465E-B2EE-992CF4FAB0DA}.Release|Mixed Platforms.ActiveCfg = Release|x86
		{3F28A361-1460-465E-B2EE-992CF4FAB0DA}.Release|Mixed Platforms.Build.0 = Release|x86
		{3F28A361-1460-465E-B2EE-992CF4FAB0DA}.Release|x86.ActiveCfg = Release|x86
		{3F28A361-1460-465E-B2EE-992CF4FAB0DA}.Release|x86.Build.0 = Release|x86
	EndGlobalSection
	GlobalSection(SolutionProperties) = preSolution
		HideSolutionNode = FALSE
	EndGlobalSection
EndGlobal
