
Microsoft Visual Studio Solution File, Format Version 11.00
# Visual Studio 2010
Project("{F2A71F9B-5D33-465A-A702-920D77279786}") = "TVTestChannelEditor", "TVTestChannelEditor\TVTestChannelEditor.fsproj", "{425690B3-13D6-4136-826F-E98F907CCA9C}"
EndProject
Project("{2150E333-8FDC-42A3-9474-1A3956D46DE8}") = "Solution Items", "Solution Items", "{03B3120B-D9A4-40FB-9A6B-77F46D6629E9}"
	ProjectSection(SolutionItems) = preProject
		BonDriver_ptmr.ch2 = BonDriver_ptmr.ch2
		README.md = README.md
	EndProjectSection
EndProject
Project("{FAE04EC0-301F-11D3-BF4B-00C04F79EFBC}") = "TVTestChannelEditorWPF", "TVTestChannelEditorWPF\TVTestChannelEditorWPF.csproj", "{D5E3945E-1F37-4107-BCA5-9C242F1BFCFD}"
EndProject
Global
	GlobalSection(SolutionConfigurationPlatforms) = preSolution
		Debug|Any CPU = Debug|Any CPU
		Debug|Mixed Platforms = Debug|Mixed Platforms
		Debug|x86 = Debug|x86
		Release|Any CPU = Release|Any CPU
		Release|Mixed Platforms = Release|Mixed Platforms
		Release|x86 = Release|x86
	EndGlobalSection
	GlobalSection(ProjectConfigurationPlatforms) = postSolution
		{425690B3-13D6-4136-826F-E98F907CCA9C}.Debug|Any CPU.ActiveCfg = Debug|Any CPU
		{425690B3-13D6-4136-826F-E98F907CCA9C}.Debug|Any CPU.Build.0 = Debug|Any CPU
		{425690B3-13D6-4136-826F-E98F907CCA9C}.Debug|Mixed Platforms.ActiveCfg = Debug|Any CPU
		{425690B3-13D6-4136-826F-E98F907CCA9C}.Debug|Mixed Platforms.Build.0 = Debug|Any CPU
		{425690B3-13D6-4136-826F-E98F907CCA9C}.Debug|x86.ActiveCfg = Debug|Any CPU
		{425690B3-13D6-4136-826F-E98F907CCA9C}.Release|Any CPU.ActiveCfg = Release|Any CPU
		{425690B3-13D6-4136-826F-E98F907CCA9C}.Release|Any CPU.Build.0 = Release|Any CPU
		{425690B3-13D6-4136-826F-E98F907CCA9C}.Release|Mixed Platforms.ActiveCfg = Release|Any CPU
		{425690B3-13D6-4136-826F-E98F907CCA9C}.Release|Mixed Platforms.Build.0 = Release|Any CPU
		{425690B3-13D6-4136-826F-E98F907CCA9C}.Release|x86.ActiveCfg = Release|Any CPU
		{D5E3945E-1F37-4107-BCA5-9C242F1BFCFD}.Debug|Any CPU.ActiveCfg = Debug|x86
		{D5E3945E-1F37-4107-BCA5-9C242F1BFCFD}.Debug|Mixed Platforms.ActiveCfg = Debug|x86
		{D5E3945E-1F37-4107-BCA5-9C242F1BFCFD}.Debug|Mixed Platforms.Build.0 = Debug|x86
		{D5E3945E-1F37-4107-BCA5-9C242F1BFCFD}.Debug|x86.ActiveCfg = Debug|x86
		{D5E3945E-1F37-4107-BCA5-9C242F1BFCFD}.Debug|x86.Build.0 = Debug|x86
		{D5E3945E-1F37-4107-BCA5-9C242F1BFCFD}.Release|Any CPU.ActiveCfg = Release|x86
		{D5E3945E-1F37-4107-BCA5-9C242F1BFCFD}.Release|Mixed Platforms.ActiveCfg = Release|x86
		{D5E3945E-1F37-4107-BCA5-9C242F1BFCFD}.Release|Mixed Platforms.Build.0 = Release|x86
		{D5E3945E-1F37-4107-BCA5-9C242F1BFCFD}.Release|x86.ActiveCfg = Release|x86
		{D5E3945E-1F37-4107-BCA5-9C242F1BFCFD}.Release|x86.Build.0 = Release|x86
	EndGlobalSection
	GlobalSection(SolutionProperties) = preSolution
		HideSolutionNode = FALSE
	EndGlobalSection
EndGlobal
